// !$*UTF8*$!
{
	archiveVersion = 1;
	classes = {
	};
	objectVersion = 46;
	objects = {

/* Begin PBXBuildFile section */
		1B51CB911913BE320089C772 /* Foundation.framework in Frameworks */ = {isa = PBXBuildFile; fileRef = 1B51CB901913BE320089C772 /* Foundation.framework */; };
		1B51CB931913BE320089C772 /* CoreGraphics.framework in Frameworks */ = {isa = PBXBuildFile; fileRef = 1B51CB921913BE320089C772 /* CoreGraphics.framework */; };
		1B51CB951913BE320089C772 /* UIKit.framework in Frameworks */ = {isa = PBXBuildFile; fileRef = 1B51CB941913BE320089C772 /* UIKit.framework */; };
		1B51CB9B1913BE320089C772 /* InfoPlist.strings in Resources */ = {isa = PBXBuildFile; fileRef = 1B51CB991913BE320089C772 /* InfoPlist.strings */; };
		1B51CB9D1913BE320089C772 /* main.m in Sources */ = {isa = PBXBuildFile; fileRef = 1B51CB9C1913BE320089C772 /* main.m */; };
		1B51CBA11913BE320089C772 /* AppDelegate.m in Sources */ = {isa = PBXBuildFile; fileRef = 1B51CBA01913BE320089C772 /* AppDelegate.m */; };
		1B51CBA41913BE320089C772 /* Main_iPhone.storyboard in Resources */ = {isa = PBXBuildFile; fileRef = 1B51CBA21913BE320089C772 /* Main_iPhone.storyboard */; };
		1B51CBA71913BE320089C772 /* Main_iPad.storyboard in Resources */ = {isa = PBXBuildFile; fileRef = 1B51CBA51913BE320089C772 /* Main_iPad.storyboard */; };
		1B51CBAA1913BE320089C772 /* ViewController.m in Sources */ = {isa = PBXBuildFile; fileRef = 1B51CBA91913BE320089C772 /* ViewController.m */; };
		1B51CBAC1913BE320089C772 /* Images.xcassets in Resources */ = {isa = PBXBuildFile; fileRef = 1B51CBAB1913BE320089C772 /* Images.xcassets */; };
		1B51CBB31913BE320089C772 /* XCTest.framework in Frameworks */ = {isa = PBXBuildFile; fileRef = 1B51CBB21913BE320089C772 /* XCTest.framework */; };
		1B51CBB41913BE320089C772 /* Foundation.framework in Frameworks */ = {isa = PBXBuildFile; fileRef = 1B51CB901913BE320089C772 /* Foundation.framework */; };
		1B51CBB51913BE320089C772 /* UIKit.framework in Frameworks */ = {isa = PBXBuildFile; fileRef = 1B51CB941913BE320089C772 /* UIKit.framework */; };
		1B51CBBD1913BE320089C772 /* InfoPlist.strings in Resources */ = {isa = PBXBuildFile; fileRef = 1B51CBBB1913BE320089C772 /* InfoPlist.strings */; };
		1B51CBBF1913BE320089C772 /* DeerePOCTests.m in Sources */ = {isa = PBXBuildFile; fileRef = 1B51CBBE1913BE320089C772 /* DeerePOCTests.m */; };
/* End PBXBuildFile section */

/* Begin PBXContainerItemProxy section */
		1B51CBB61913BE320089C772 /* PBXContainerItemProxy */ = {
			isa = PBXContainerItemProxy;
			containerPortal = 1B51CB851913BE320089C772 /* Project object */;
			proxyType = 1;
			remoteGlobalIDString = 1B51CB8C1913BE320089C772;
			remoteInfo = DeerePOC;
		};
/* End PBXContainerItemProxy section */

/* Begin PBXFileReference section */
		1B51CB8D1913BE320089C772 /* DeerePOC.app */ = {isa = PBXFileReference; explicitFileType = wrapper.application; includeInIndex = 0; path = DeerePOC.app; sourceTree = BUILT_PRODUCTS_DIR; };
		1B51CB901913BE320089C772 /* Foundation.framework */ = {isa = PBXFileReference; lastKnownFileType = wrapper.framework; name = Foundation.framework; path = System/Library/Frameworks/Foundation.framework; sourceTree = SDKROOT; };
		1B51CB921913BE320089C772 /* CoreGraphics.framework */ = {isa = PBXFileReference; lastKnownFileType = wrapper.framework; name = CoreGraphics.framework; path = System/Library/Frameworks/CoreGraphics.framework; sourceTree = SDKROOT; };
		1B51CB941913BE320089C772 /* UIKit.framework */ = {isa = PBXFileReference; lastKnownFileType = wrapper.framework; name = UIKit.framework; path = System/Library/Frameworks/UIKit.framework; sourceTree = SDKROOT; };
		1B51CB981913BE320089C772 /* DeerePOC-Info.plist */ = {isa = PBXFileReference; lastKnownFileType = text.plist.xml; path = "DeerePOC-Info.plist"; sourceTree = "<group>"; };
		1B51CB9A1913BE320089C772 /* en */ = {isa = PBXFileReference; lastKnownFileType = text.plist.strings; name = en; path = en.lproj/InfoPlist.strings; sourceTree = "<group>"; };
		1B51CB9C1913BE320089C772 /* main.m */ = {isa = PBXFileReference; lastKnownFileType = sourcecode.c.objc; path = main.m; sourceTree = "<group>"; };
		1B51CB9E1913BE320089C772 /* DeerePOC-Prefix.pch */ = {isa = PBXFileReference; lastKnownFileType = sourcecode.c.h; path = "DeerePOC-Prefix.pch"; sourceTree = "<group>"; };
		1B51CB9F1913BE320089C772 /* AppDelegate.h */ = {isa = PBXFileReference; lastKnownFileType = sourcecode.c.h; path = AppDelegate.h; sourceTree = "<group>"; };
		1B51CBA01913BE320089C772 /* AppDelegate.m */ = {isa = PBXFileReference; lastKnownFileType = sourcecode.c.objc; path = AppDelegate.m; sourceTree = "<group>"; };
		1B51CBA31913BE320089C772 /* Base */ = {isa = PBXFileReference; lastKnownFileType = file.storyboard; name = Base; path = Base.lproj/Main_iPhone.storyboard; sourceTree = "<group>"; };
		1B51CBA61913BE320089C772 /* Base */ = {isa = PBXFileReference; lastKnownFileType = file.storyboard; name = Base; path = Base.lproj/Main_iPad.storyboard; sourceTree = "<group>"; };
		1B51CBA81913BE320089C772 /* ViewController.h */ = {isa = PBXFileReference; lastKnownFileType = sourcecode.c.h; path = ViewController.h; sourceTree = "<group>"; };
		1B51CBA91913BE320089C772 /* ViewController.m */ = {isa = PBXFileReference; lastKnownFileType = sourcecode.c.objc; path = ViewController.m; sourceTree = "<group>"; };
		1B51CBAB1913BE320089C772 /* Images.xcassets */ = {isa = PBXFileReference; lastKnownFileType = folder.assetcatalog; path = Images.xcassets; sourceTree = "<group>"; };
		1B51CBB11913BE320089C772 /* DeerePOCTests.xctest */ = {isa = PBXFileReference; explicitFileType = wrapper.cfbundle; includeInIndex = 0; path = DeerePOCTests.xctest; sourceTree = BUILT_PRODUCTS_DIR; };
		1B51CBB21913BE320089C772 /* XCTest.framework */ = {isa = PBXFileReference; lastKnownFileType = wrapper.framework; name = XCTest.framework; path = Library/Frameworks/XCTest.framework; sourceTree = DEVELOPER_DIR; };
		1B51CBBA1913BE320089C772 /* DeerePOCTests-Info.plist */ = {isa = PBXFileReference; lastKnownFileType = text.plist.xml; path = "DeerePOCTests-Info.plist"; sourceTree = "<group>"; };
		1B51CBBC1913BE320089C772 /* en */ = {isa = PBXFileReference; lastKnownFileType = text.plist.strings; name = en; path = en.lproj/InfoPlist.strings; sourceTree = "<group>"; };
		1B51CBBE1913BE320089C772 /* DeerePOCTests.m */ = {isa = PBXFileReference; lastKnownFileType = sourcecode.c.objc; path = DeerePOCTests.m; sourceTree = "<group>"; };
/* End PBXFileReference section */

/* Begin PBXFrameworksBuildPhase section */
		1B51CB8A1913BE320089C772 /* Frameworks */ = {
			isa = PBXFrameworksBuildPhase;
			buildActionMask = 2147483647;
			files = (
				1B51CB931913BE320089C772 /* CoreGraphics.framework in Frameworks */,
				1B51CB951913BE320089C772 /* UIKit.framework in Frameworks */,
				1B51CB911913BE320089C772 /* Foundation.framework in Frameworks */,
			);
			runOnlyForDeploymentPostprocessing = 0;
		};
		1B51CBAE1913BE320089C772 /* Frameworks */ = {
			isa = PBXFrameworksBuildPhase;
			buildActionMask = 2147483647;
			files = (
				1B51CBB31913BE320089C772 /* XCTest.framework in Frameworks */,
				1B51CBB51913BE320089C772 /* UIKit.framework in Frameworks */,
				1B51CBB41913BE320089C772 /* Foundation.framework in Frameworks */,
			);
			runOnlyForDeploymentPostprocessing = 0;
		};
/* End PBXFrameworksBuildPhase section */

/* Begin PBXGroup section */
		1B51CB841913BE320089C772 = {
			isa = PBXGroup;
			children = (
				1B51CB961913BE320089C772 /* DeerePOC */,
				1B51CBB81913BE320089C772 /* DeerePOCTests */,
				1B51CB8F1913BE320089C772 /* Frameworks */,
				1B51CB8E1913BE320089C772 /* Products */,
			);
			sourceTree = "<group>";
		};
		1B51CB8E1913BE320089C772 /* Products */ = {
			isa = PBXGroup;
			children = (
				1B51CB8D1913BE320089C772 /* DeerePOC.app */,
				1B51CBB11913BE320089C772 /* DeerePOCTests.xctest */,
			);
			name = Products;
			sourceTree = "<group>";
		};
		1B51CB8F1913BE320089C772 /* Frameworks */ = {
			isa = PBXGroup;
			children = (
				1B51CB901913BE320089C772 /* Foundation.framework */,
				1B51CB921913BE320089C772 /* CoreGraphics.framework */,
				1B51CB941913BE320089C772 /* UIKit.framework */,
				1B51CBB21913BE320089C772 /* XCTest.framework */,
			);
			name = Frameworks;
			sourceTree = "<group>";
		};
		1B51CB961913BE320089C772 /* DeerePOC */ = {
			isa = PBXGroup;
			children = (
				1B51CB9F1913BE320089C772 /* AppDelegate.h */,
				1B51CBA01913BE320089C772 /* AppDelegate.m */,
				1B51CBA21913BE320089C772 /* Main_iPhone.storyboard */,
				1B51CBA51913BE320089C772 /* Main_iPad.storyboard */,
				1B51CBA81913BE320089C772 /* ViewController.h */,
				1B51CBA91913BE320089C772 /* ViewController.m */,
				1B51CBAB1913BE320089C772 /* Images.xcassets */,
				1B51CB971913BE320089C772 /* Supporting Files */,
			);
			path = DeerePOC;
			sourceTree = "<group>";
		};
		1B51CB971913BE320089C772 /* Supporting Files */ = {
			isa = PBXGroup;
			children = (
				1B51CB981913BE320089C772 /* DeerePOC-Info.plist */,
				1B51CB991913BE320089C772 /* InfoPlist.strings */,
				1B51CB9C1913BE320089C772 /* main.m */,
				1B51CB9E1913BE320089C772 /* DeerePOC-Prefix.pch */,
			);
			name = "Supporting Files";
			sourceTree = "<group>";
		};
		1B51CBB81913BE320089C772 /* DeerePOCTests */ = {
			isa = PBXGroup;
			children = (
				1B51CBBE1913BE320089C772 /* DeerePOCTests.m */,
				1B51CBB91913BE320089C772 /* Supporting Files */,
			);
			path = DeerePOCTests;
			sourceTree = "<group>";
		};
		1B51CBB91913BE320089C772 /* Supporting Files */ = {
			isa = PBXGroup;
			children = (
				1B51CBBA1913BE320089C772 /* DeerePOCTests-Info.plist */,
				1B51CBBB1913BE320089C772 /* InfoPlist.strings */,
			);
			name = "Supporting Files";
			sourceTree = "<group>";
		};
/* End PBXGroup section */

/* Begin PBXNativeTarget section */
		1B51CB8C1913BE320089C772 /* DeerePOC */ = {
			isa = PBXNativeTarget;
			buildConfigurationList = 1B51CBC21913BE320089C772 /* Build configuration list for PBXNativeTarget "DeerePOC" */;
			buildPhases = (
				1B51CB891913BE320089C772 /* Sources */,
				1B51CB8A1913BE320089C772 /* Frameworks */,
				1B51CB8B1913BE320089C772 /* Resources */,
			);
			buildRules = (
			);
			dependencies = (
			);
			name = DeerePOC;
			productName = DeerePOC;
			productReference = 1B51CB8D1913BE320089C772 /* DeerePOC.app */;
			productType = "com.apple.product-type.application";
		};
		1B51CBB01913BE320089C772 /* DeerePOCTests */ = {
			isa = PBXNativeTarget;
			buildConfigurationList = 1B51CBC51913BE320089C772 /* Build configuration list for PBXNativeTarget "DeerePOCTests" */;
			buildPhases = (
				1B51CBAD1913BE320089C772 /* Sources */,
				1B51CBAE1913BE320089C772 /* Frameworks */,
				1B51CBAF1913BE320089C772 /* Resources */,
			);
			buildRules = (
			);
			dependencies = (
				1B51CBB71913BE320089C772 /* PBXTargetDependency */,
			);
			name = DeerePOCTests;
			productName = DeerePOCTests;
			productReference = 1B51CBB11913BE320089C772 /* DeerePOCTests.xctest */;
			productType = "com.apple.product-type.bundle.unit-test";
		};
/* End PBXNativeTarget section */

/* Begin PBXProject section */
		1B51CB851913BE320089C772 /* Project object */ = {
			isa = PBXProject;
			attributes = {
				LastUpgradeCheck = 0510;
				ORGANIZATIONNAME = YASH;
				TargetAttributes = {
					1B51CBB01913BE320089C772 = {
						TestTargetID = 1B51CB8C1913BE320089C772;
					};
				};
			};
			buildConfigurationList = 1B51CB881913BE320089C772 /* Build configuration list for PBXProject "DeerePOC" */;
			compatibilityVersion = "Xcode 3.2";
			developmentRegion = English;
			hasScannedForEncodings = 0;
			knownRegions = (
				en,
				Base,
			);
			mainGroup = 1B51CB841913BE320089C772;
			productRefGroup = 1B51CB8E1913BE320089C772 /* Products */;
			projectDirPath = "";
			projectRoot = "";
			targets = (
				1B51CB8C1913BE320089C772 /* DeerePOC */,
				1B51CBB01913BE320089C772 /* DeerePOCTests */,
			);
		};
/* End PBXProject section */

/* Begin PBXResourcesBuildPhase section */
		1B51CB8B1913BE320089C772 /* Resources */ = {
			isa = PBXResourcesBuildPhase;
			buildActionMask = 2147483647;
			files = (
				1B51CBA71913BE320089C772 /* Main_iPad.storyboard in Resources */,
				1B51CBAC1913BE320089C772 /* Images.xcassets in Resources */,
				1B51CBA41913BE320089C772 /* Main_iPhone.storyboard in Resources */,
				1B51CB9B1913BE320089C772 /* InfoPlist.strings in Resources */,
			);
			runOnlyForDeploymentPostprocessing = 0;
		};
		1B51CBAF1913BE320089C772 /* Resources */ = {
			isa = PBXResourcesBuildPhase;
			buildActionMask = 2147483647;
			files = (
				1B51CBBD1913BE320089C772 /* InfoPlist.strings in Resources */,
			);
			runOnlyForDeploymentPostprocessing = 0;
		};
/* End PBXResourcesBuildPhase section */

/* Begin PBXSourcesBuildPhase section */
		1B51CB891913BE320089C772 /* Sources */ = {
			isa = PBXSourcesBuildPhase;
			buildActionMask = 2147483647;
			files = (
				1B51CBAA1913BE320089C772 /* ViewController.m in Sources */,
				1B51CBA11913BE320089C772 /* AppDelegate.m in Sources */,
				1B51CB9D1913BE320089C772 /* main.m in Sources */,
			);
			runOnlyForDeploymentPostprocessing = 0;
		};
		1B51CBAD1913BE320089C772 /* Sources */ = {
			isa = PBXSourcesBuildPhase;
			buildActionMask = 2147483647;
			files = (
				1B51CBBF1913BE320089C772 /* DeerePOCTests.m in Sources */,
			);
			runOnlyForDeploymentPostprocessing = 0;
		};
/* End PBXSourcesBuildPhase section */

/* Begin PBXTargetDependency section */
		1B51CBB71913BE320089C772 /* PBXTargetDependency */ = {
			isa = PBXTargetDependency;
			target = 1B51CB8C1913BE320089C772 /* DeerePOC */;
			targetProxy = 1B51CBB61913BE320089C772 /* PBXContainerItemProxy */;
		};
/* End PBXTargetDependency section */

/* Begin PBXVariantGroup section */
		1B51CB991913BE320089C772 /* InfoPlist.strings */ = {
			isa = PBXVariantGroup;
			children = (
				1B51CB9A1913BE320089C772 /* en */,
			);
			name = InfoPlist.strings;
			sourceTree = "<group>";
		};
		1B51CBA21913BE320089C772 /* Main_iPhone.storyboard */ = {
			isa = PBXVariantGroup;
			children = (
				1B51CBA31913BE320089C772 /* Base */,
			);
			name = Main_iPhone.storyboard;
			sourceTree = "<group>";
		};
		1B51CBA51913BE320089C772 /* Main_iPad.storyboard */ = {
			isa = PBXVariantGroup;
			children = (
				1B51CBA61913BE320089C772 /* Base */,
			);
			name = Main_iPad.storyboard;
			sourceTree = "<group>";
		};
		1B51CBBB1913BE320089C772 /* InfoPlist.strings */ = {
			isa = PBXVariantGroup;
			children = (
				1B51CBBC1913BE320089C772 /* en */,
			);
			name = InfoPlist.strings;
			sourceTree = "<group>";
		};
/* End PBXVariantGroup section */

/* Begin XCBuildConfiguration section */
		1B51CBC01913BE320089C772 /* Debug */ = {
			isa = XCBuildConfiguration;
			buildSettings = {
				ALWAYS_SEARCH_USER_PATHS = NO;
				CLANG_CXX_LANGUAGE_STANDARD = "gnu++0x";
				CLANG_CXX_LIBRARY = "libc++";
				CLANG_ENABLE_MODULES = YES;
				CLANG_ENABLE_OBJC_ARC = YES;
				CLANG_WARN_BOOL_CONVERSION = YES;
				CLANG_WARN_CONSTANT_CONVERSION = YES;
				CLANG_WARN_DIRECT_OBJC_ISA_USAGE = YES_ERROR;
				CLANG_WARN_EMPTY_BODY = YES;
				CLANG_WARN_ENUM_CONVERSION = YES;
				CLANG_WARN_INT_CONVERSION = YES;
				CLANG_WARN_OBJC_ROOT_CLASS = YES_ERROR;
				CLANG_WARN__DUPLICATE_METHOD_MATCH = YES;
				"CODE_SIGN_IDENTITY[sdk=iphoneos*]" = "iPhone Developer";
				COPY_PHASE_STRIP = NO;
				GCC_C_LANGUAGE_STANDARD = gnu99;
				GCC_DYNAMIC_NO_PIC = NO;
				GCC_OPTIMIZATION_LEVEL = 0;
				GCC_PREPROCESSOR_DEFINITIONS = (
					"DEBUG=1",
					"$(inherited)",
				);
				GCC_SYMBOLS_PRIVATE_EXTERN = NO;
				GCC_WARN_64_TO_32_BIT_CONVERSION = YES;
				GCC_WARN_ABOUT_RETURN_TYPE = YES_ERROR;
				GCC_WARN_UNDECLARED_SELECTOR = YES;
				GCC_WARN_UNINITIALIZED_AUTOS = YES_AGGRESSIVE;
				GCC_WARN_UNUSED_FUNCTION = YES;
				GCC_WARN_UNUSED_VARIABLE = YES;
				IPHONEOS_DEPLOYMENT_TARGET = 7.1;
				ONLY_ACTIVE_ARCH = YES;
				SDKROOT = iphoneos;
				TARGETED_DEVICE_FAMILY = "1,2";
			};
			name = Debug;
		};
		1B51CBC11913BE320089C772 /* Release */ = {
			isa = XCBuildConfiguration;
			buildSettings = {
				ALWAYS_SEARCH_USER_PATHS = NO;
				CLANG_CXX_LANGUAGE_STANDARD = "gnu++0x";
				CLANG_CXX_LIBRARY = "libc++";
				CLANG_ENABLE_MODULES = YES;
				CLANG_ENABLE_OBJC_ARC = YES;
				CLANG_WARN_BOOL_CONVERSION = YES;
				CLANG_WARN_CONSTANT_CONVERSION = YES;
				CLANG_WARN_DIRECT_OBJC_ISA_USAGE = YES_ERROR;
				CLANG_WARN_EMPTY_BODY = YES;
				CLANG_WARN_ENUM_CONVERSION = YES;
				CLANG_WARN_INT_CONVERSION = YES;
				CLANG_WARN_OBJC_ROOT_CLASS = YES_ERROR;
				CLANG_WARN__DUPLICATE_METHOD_MATCH = YES;
				"CODE_SIGN_IDENTITY[sdk=iphoneos*]" = "iPhone Developer";
				COPY_PHASE_STRIP = YES;
				ENABLE_NS_ASSERTIONS = NO;
				GCC_C_LANGUAGE_STANDARD = gnu99;
				GCC_WARN_64_TO_32_BIT_CONVERSION = YES;
				GCC_WARN_ABOUT_RETURN_TYPE = YES_ERROR;
				GCC_WARN_UNDECLARED_SELECTOR = YES;
				GCC_WARN_UNINITIALIZED_AUTOS = YES_AGGRESSIVE;
				GCC_WARN_UNUSED_FUNCTION = YES;
				GCC_WARN_UNUSED_VARIABLE = YES;
				IPHONEOS_DEPLOYMENT_TARGET = 7.1;
				SDKROOT = iphoneos;
				TARGETED_DEVICE_FAMILY = "1,2";
				VALIDATE_PRODUCT = YES;
			};
			name = Release;
		};
		1B51CBC31913BE320089C772 /* Debug */ = {
			isa = XCBuildConfiguration;
			buildSettings = {
				ASSETCATALOG_COMPILER_APPICON_NAME = AppIcon;
				ASSETCATALOG_COMPILER_LAUNCHIMAGE_NAME = LaunchImage;
				CODE_SIGN_IDENTITY = "iPhone Developer: Parvez Ali (EQQJ7L82R6)";
				GCC_PRECOMPILE_PREFIX_HEADER = YES;
				GCC_PREFIX_HEADER = "DeerePOC/DeerePOC-Prefix.pch";
				INFOPLIST_FILE = "DeerePOC/DeerePOC-Info.plist";
				IPHONEOS_DEPLOYMENT_TARGET = 7.0;
				PRODUCT_NAME = "$(TARGET_NAME)";
				PROVISIONING_PROFILE = "E9F782A5-2B8F-44FE-AE66-9C4D72C01C0B";
				WRAPPER_EXTENSION = app;
			};
			name = Debug;
		};
		1B51CBC41913BE320089C772 /* Release */ = {
			isa = XCBuildConfiguration;
			buildSettings = {
				ASSETCATALOG_COMPILER_APPICON_NAME = AppIcon;
				ASSETCATALOG_COMPILER_LAUNCHIMAGE_NAME = LaunchImage;
				CODE_SIGN_IDENTITY = "iPhone Developer: Parvez Ali (EQQJ7L82R6)";
				GCC_PRECOMPILE_PREFIX_HEADER = YES;
				GCC_PREFIX_HEADER = "DeerePOC/DeerePOC-Prefix.pch";
				INFOPLIST_FILE = "DeerePOC/DeerePOC-Info.plist";
				IPHONEOS_DEPLOYMENT_TARGET = 7.0;
				PRODUCT_NAME = "$(TARGET_NAME)";
				PROVISIONING_PROFILE = "E9F782A5-2B8F-44FE-AE66-9C4D72C01C0B";
				WRAPPER_EXTENSION = app;
			};
			name = Release;
		};
		1B51CBC61913BE320089C772 /* Debug */ = {
			isa = XCBuildConfiguration;
			buildSettings = {
				BUNDLE_LOADER = "$(BUILT_PRODUCTS_DIR)/DeerePOC.app/DeerePOC";
				FRAMEWORK_SEARCH_PATHS = (
					"$(SDKROOT)/Developer/Library/Frameworks",
					"$(inherited)",
					"$(DEVELOPER_FRAMEWORKS_DIR)",
				);
				GCC_PRECOMPILE_PREFIX_HEADER = YES;
				GCC_PREFIX_HEADER = "DeerePOC/DeerePOC-Prefix.pch";
				GCC_PREPROCESSOR_DEFINITIONS = (
					"DEBUG=1",
					"$(inherited)",
				);
				INFOPLIST_FILE = "DeerePOCTests/DeerePOCTests-Info.plist";
				PRODUCT_NAME = "$(TARGET_NAME)";
				TEST_HOST = "$(BUNDLE_LOADER)";
				WRAPPER_EXTENSION = xctest;
			};
			name = Debug;
		};
		1B51CBC71913BE320089C772 /* Release */ = {
			isa = XCBuildConfiguration;
			buildSettings = {
				BUNDLE_LOADER = "$(BUILT_PRODUCTS_DIR)/DeerePOC.app/DeerePOC";
				FRAMEWORK_SEARCH_PATHS = (
					"$(SDKROOT)/Developer/Library/Frameworks",
					"$(inherited)",
					"$(DEVELOPER_FRAMEWORKS_DIR)",
				);
				GCC_PRECOMPILE_PREFIX_HEADER = YES;
				GCC_PREFIX_HEADER = "DeerePOC/DeerePOC-Prefix.pch";
				INFOPLIST_FILE = "DeerePOCTests/DeerePOCTests-Info.plist";
				PRODUCT_NAME = "$(TARGET_NAME)";
				TEST_HOST = "$(BUNDLE_LOADER)";
				WRAPPER_EXTENSION = xctest;
			};
			name = Release;
		};
/* End XCBuildConfiguration section */

/* Begin XCConfigurationList section */
		1B51CB881913BE320089C772 /* Build configuration list for PBXProject "DeerePOC" */ = {
			isa = XCConfigurationList;
			buildConfigurations = (
				1B51CBC01913BE320089C772 /* Debug */,
				1B51CBC11913BE320089C772 /* Release */,
			);
			defaultConfigurationIsVisible = 0;
			defaultConfigurationName = Release;
		};
		1B51CBC21913BE320089C772 /* Build configuration list for PBXNativeTarget "DeerePOC" */ = {
			isa = XCConfigurationList;
			buildConfigurations = (
				1B51CBC31913BE320089C772 /* Debug */,
				1B51CBC41913BE320089C772 /* Release */,
			);
			defaultConfigurationIsVisible = 0;
			defaultConfigurationName = Release;
		};
		1B51CBC51913BE320089C772 /* Build configuration list for PBXNativeTarget "DeerePOCTests" */ = {
			isa = XCConfigurationList;
			buildConfigurations = (
				1B51CBC61913BE320089C772 /* Debug */,
				1B51CBC71913BE320089C772 /* Release */,
			);
			defaultConfigurationIsVisible = 0;
			defaultConfigurationName = Release;
		};
/* End XCConfigurationList section */
	};
	rootObject = 1B51CB851913BE320089C772 /* Project object */;
}
